
Microsoft Visual Studio Solution File, Format Version 12.00
# Visual Studio 15
VisualStudioVersion = 15.0.28307.136
MinimumVisualStudioVersion = 10.0.40219.1
Project("{FAE04EC0-301F-11D3-BF4B-00C04F79EFBC}") = "JekyllToHugoConverter", "JekyllToHugoConverter\JekyllToHugoConverter.csproj", "{4607C144-EAA6-4E01-82B1-75328554210B}"
EndProject
Global
	GlobalSection(SolutionConfigurationPlatforms) = preSolution
		Debug|Any CPU = Debug|Any CPU
		Release|Any CPU = Release|Any CPU
	EndGlobalSection
	GlobalSection(ProjectConfigurationPlatforms) = postSolution
		{4607C144-EAA6-4E01-82B1-75328554210B}.Debug|Any CPU.ActiveCfg = Debug|Any CPU
		{4607C144-EAA6-4E01-82B1-75328554210B}.Debug|Any CPU.Build.0 = Debug|Any CPU
		{4607C144-EAA6-4E01-82B1-75328554210B}.Release|Any CPU.ActiveCfg = Release|Any CPU
		{4607C144-EAA6-4E01-82B1-75328554210B}.Release|Any CPU.Build.0 = Release|Any CPU
	EndGlobalSection
	GlobalSection(SolutionProperties) = preSolution
		HideSolutionNode = FALSE
	EndGlobalSection
	GlobalSection(ExtensibilityGlobals) = postSolution
		SolutionGuid = {BE108B2C-AFD1-4B46-96AE-9BAFF6F8E06E}
	EndGlobalSection
EndGlobal
